// !$*UTF8*$!
{
	archiveVersion = 1;
	classes = {
	};
	objectVersion = 56;
	objects = {

/* Begin PBXBuildFile section */
		62C0F2A328E285B3000DAC1A /* DemoApp.swift in Sources */ = {isa = PBXBuildFile; fileRef = 62C0F2A228E285B3000DAC1A /* DemoApp.swift */; };
		62C0F2A528E285B3000DAC1A /* ContentView.swift in Sources */ = {isa = PBXBuildFile; fileRef = 62C0F2A428E285B3000DAC1A /* ContentView.swift */; };
		62C0F2A728E285B4000DAC1A /* Assets.xcassets in Resources */ = {isa = PBXBuildFile; fileRef = 62C0F2A628E285B4000DAC1A /* Assets.xcassets */; };
		62C0F2AA28E285B4000DAC1A /* Preview Assets.xcassets in Resources */ = {isa = PBXBuildFile; fileRef = 62C0F2A928E285B4000DAC1A /* Preview Assets.xcassets */; };
		62C0F2AC28E285B4000DAC1A /* Persistence.swift in Sources */ = {isa = PBXBuildFile; fileRef = 62C0F2AB28E285B4000DAC1A /* Persistence.swift */; };
		62C0F2AF28E285B4000DAC1A /* Demo.xcdatamodeld in Sources */ = {isa = PBXBuildFile; fileRef = 62C0F2AD28E285B4000DAC1A /* Demo.xcdatamodeld */; };
		62C0F2B928E285B4000DAC1A /* DemoTests.swift in Sources */ = {isa = PBXBuildFile; fileRef = 62C0F2B828E285B4000DAC1A /* DemoTests.swift */; };
		62C0F2C328E285B4000DAC1A /* DemoUITests.swift in Sources */ = {isa = PBXBuildFile; fileRef = 62C0F2C228E285B4000DAC1A /* DemoUITests.swift */; };
		62C0F2C528E285B4000DAC1A /* DemoUITestsLaunchTests.swift in Sources */ = {isa = PBXBuildFile; fileRef = 62C0F2C428E285B4000DAC1A /* DemoUITestsLaunchTests.swift */; };
/* End PBXBuildFile section */

/* Begin PBXContainerItemProxy section */
		62C0F2B528E285B4000DAC1A /* PBXContainerItemProxy */ = {
			isa = PBXContainerItemProxy;
			containerPortal = 62C0F29728E285B3000DAC1A /* Project object */;
			proxyType = 1;
			remoteGlobalIDString = 62C0F29E28E285B3000DAC1A;
			remoteInfo = Demo;
		};
		62C0F2BF28E285B4000DAC1A /* PBXContainerItemProxy */ = {
			isa = PBXContainerItemProxy;
			containerPortal = 62C0F29728E285B3000DAC1A /* Project object */;
			proxyType = 1;
			remoteGlobalIDString = 62C0F29E28E285B3000DAC1A;
			remoteInfo = Demo;
		};
/* End PBXContainerItemProxy section */

/* Begin PBXFileReference section */
		62C0F29F28E285B3000DAC1A /* Demo.app */ = {isa = PBXFileReference; explicitFileType = wrapper.application; includeInIndex = 0; path = Demo.app; sourceTree = BUILT_PRODUCTS_DIR; };
		62C0F2A228E285B3000DAC1A /* DemoApp.swift */ = {isa = PBXFileReference; lastKnownFileType = sourcecode.swift; path = DemoApp.swift; sourceTree = "<group>"; };
		62C0F2A428E285B3000DAC1A /* ContentView.swift */ = {isa = PBXFileReference; lastKnownFileType = sourcecode.swift; path = ContentView.swift; sourceTree = "<group>"; };
		62C0F2A628E285B4000DAC1A /* Assets.xcassets */ = {isa = PBXFileReference; lastKnownFileType = folder.assetcatalog; path = Assets.xcassets; sourceTree = "<group>"; };
		62C0F2A928E285B4000DAC1A /* Preview Assets.xcassets */ = {isa = PBXFileReference; lastKnownFileType = folder.assetcatalog; path = "Preview Assets.xcassets"; sourceTree = "<group>"; };
		62C0F2AB28E285B4000DAC1A /* Persistence.swift */ = {isa = PBXFileReference; lastKnownFileType = sourcecode.swift; path = Persistence.swift; sourceTree = "<group>"; };
		62C0F2AE28E285B4000DAC1A /* Demo.xcdatamodel */ = {isa = PBXFileReference; lastKnownFileType = wrapper.xcdatamodel; path = Demo.xcdatamodel; sourceTree = "<group>"; };
		62C0F2B428E285B4000DAC1A /* DemoTests.xctest */ = {isa = PBXFileReference; explicitFileType = wrapper.cfbundle; includeInIndex = 0; path = DemoTests.xctest; sourceTree = BUILT_PRODUCTS_DIR; };
		62C0F2B828E285B4000DAC1A /* DemoTests.swift */ = {isa = PBXFileReference; lastKnownFileType = sourcecode.swift; path = DemoTests.swift; sourceTree = "<group>"; };
		62C0F2BE28E285B4000DAC1A /* DemoUITests.xctest */ = {isa = PBXFileReference; explicitFileType = wrapper.cfbundle; includeInIndex = 0; path = DemoUITests.xctest; sourceTree = BUILT_PRODUCTS_DIR; };
		62C0F2C228E285B4000DAC1A /* DemoUITests.swift */ = {isa = PBXFileReference; lastKnownFileType = sourcecode.swift; path = DemoUITests.swift; sourceTree = "<group>"; };
		62C0F2C428E285B4000DAC1A /* DemoUITestsLaunchTests.swift */ = {isa = PBXFileReference; lastKnownFileType = sourcecode.swift; path = DemoUITestsLaunchTests.swift; sourceTree = "<group>"; };
/* End PBXFileReference section */

/* Begin PBXFrameworksBuildPhase section */
		62C0F29C28E285B3000DAC1A /* Frameworks */ = {
			isa = PBXFrameworksBuildPhase;
			buildActionMask = 2147483647;
			files = (
			);
			runOnlyForDeploymentPostprocessing = 0;
		};
		62C0F2B128E285B4000DAC1A /* Frameworks */ = {
			isa = PBXFrameworksBuildPhase;
			buildActionMask = 2147483647;
			files = (
			);
			runOnlyForDeploymentPostprocessing = 0;
		};
		62C0F2BB28E285B4000DAC1A /* Frameworks */ = {
			isa = PBXFrameworksBuildPhase;
			buildActionMask = 2147483647;
			files = (
			);
			runOnlyForDeploymentPostprocessing = 0;
		};
/* End PBXFrameworksBuildPhase section */

/* Begin PBXGroup section */
		62C0F29628E285B3000DAC1A = {
			isa = PBXGroup;
			children = (
				62C0F2A128E285B3000DAC1A /* Demo */,
				62C0F2B728E285B4000DAC1A /* DemoTests */,
				62C0F2C128E285B4000DAC1A /* DemoUITests */,
				62C0F2A028E285B3000DAC1A /* Products */,
			);
			sourceTree = "<group>";
		};
		62C0F2A028E285B3000DAC1A /* Products */ = {
			isa = PBXGroup;
			children = (
				62C0F29F28E285B3000DAC1A /* Demo.app */,
				62C0F2B428E285B4000DAC1A /* DemoTests.xctest */,
				62C0F2BE28E285B4000DAC1A /* DemoUITests.xctest */,
			);
			name = Products;
			sourceTree = "<group>";
		};
		62C0F2A128E285B3000DAC1A /* Demo */ = {
			isa = PBXGroup;
			children = (
				62C0F2A228E285B3000DAC1A /* DemoApp.swift */,
				62C0F2A428E285B3000DAC1A /* ContentView.swift */,
				62C0F2A628E285B4000DAC1A /* Assets.xcassets */,
				62C0F2AB28E285B4000DAC1A /* Persistence.swift */,
				62C0F2AD28E285B4000DAC1A /* Demo.xcdatamodeld */,
				62C0F2A828E285B4000DAC1A /* Preview Content */,
			);
			path = Demo;
			sourceTree = "<group>";
		};
		62C0F2A828E285B4000DAC1A /* Preview Content */ = {
			isa = PBXGroup;
			children = (
				62C0F2A928E285B4000DAC1A /* Preview Assets.xcassets */,
			);
			path = "Preview Content";
			sourceTree = "<group>";
		};
		62C0F2B728E285B4000DAC1A /* DemoTests */ = {
			isa = PBXGroup;
			children = (
				62C0F2B828E285B4000DAC1A /* DemoTests.swift */,
			);
			path = DemoTests;
			sourceTree = "<group>";
		};
		62C0F2C128E285B4000DAC1A /* DemoUITests */ = {
			isa = PBXGroup;
			children = (
				62C0F2C228E285B4000DAC1A /* DemoUITests.swift */,
				62C0F2C428E285B4000DAC1A /* DemoUITestsLaunchTests.swift */,
			);
			path = DemoUITests;
			sourceTree = "<group>";
		};
/* End PBXGroup section */

/* Begin PBXNativeTarget section */
		62C0F29E28E285B3000DAC1A /* Demo */ = {
			isa = PBXNativeTarget;
			buildConfigurationList = 62C0F2C828E285B4000DAC1A /* Build configuration list for PBXNativeTarget "Demo" */;
			buildPhases = (
				62C0F29B28E285B3000DAC1A /* Sources */,
				62C0F29C28E285B3000DAC1A /* Frameworks */,
				62C0F29D28E285B3000DAC1A /* Resources */,
			);
			buildRules = (
			);
			dependencies = (
			);
			name = Demo;
			productName = Demo;
			productReference = 62C0F29F28E285B3000DAC1A /* Demo.app */;
			productType = "com.apple.product-type.application";
		};
		62C0F2B328E285B4000DAC1A /* DemoTests */ = {
			isa = PBXNativeTarget;
			buildConfigurationList = 62C0F2CB28E285B4000DAC1A /* Build configuration list for PBXNativeTarget "DemoTests" */;
			buildPhases = (
				62C0F2B028E285B4000DAC1A /* Sources */,
				62C0F2B128E285B4000DAC1A /* Frameworks */,
				62C0F2B228E285B4000DAC1A /* Resources */,
			);
			buildRules = (
			);
			dependencies = (
				62C0F2B628E285B4000DAC1A /* PBXTargetDependency */,
			);
			name = DemoTests;
			productName = DemoTests;
			productReference = 62C0F2B428E285B4000DAC1A /* DemoTests.xctest */;
			productType = "com.apple.product-type.bundle.unit-test";
		};
		62C0F2BD28E285B4000DAC1A /* DemoUITests */ = {
			isa = PBXNativeTarget;
			buildConfigurationList = 62C0F2CE28E285B4000DAC1A /* Build configuration list for PBXNativeTarget "DemoUITests" */;
			buildPhases = (
				62C0F2BA28E285B4000DAC1A /* Sources */,
				62C0F2BB28E285B4000DAC1A /* Frameworks */,
				62C0F2BC28E285B4000DAC1A /* Resources */,
			);
			buildRules = (
			);
			dependencies = (
				62C0F2C028E285B4000DAC1A /* PBXTargetDependency */,
			);
			name = DemoUITests;
			productName = DemoUITests;
			productReference = 62C0F2BE28E285B4000DAC1A /* DemoUITests.xctest */;
			productType = "com.apple.product-type.bundle.ui-testing";
		};
/* End PBXNativeTarget section */

/* Begin PBXProject section */
		62C0F29728E285B3000DAC1A /* Project object */ = {
			isa = PBXProject;
			attributes = {
				BuildIndependentTargetsInParallel = 1;
				LastSwiftUpdateCheck = 1400;
				LastUpgradeCheck = 1400;
				TargetAttributes = {
					62C0F29E28E285B3000DAC1A = {
						CreatedOnToolsVersion = 14.0;
					};
					62C0F2B328E285B4000DAC1A = {
						CreatedOnToolsVersion = 14.0;
						TestTargetID = 62C0F29E28E285B3000DAC1A;
					};
					62C0F2BD28E285B4000DAC1A = {
						CreatedOnToolsVersion = 14.0;
						TestTargetID = 62C0F29E28E285B3000DAC1A;
					};
				};
			};
			buildConfigurationList = 62C0F29A28E285B3000DAC1A /* Build configuration list for PBXProject "Demo" */;
			compatibilityVersion = "Xcode 14.0";
			developmentRegion = en;
			hasScannedForEncodings = 0;
			knownRegions = (
				en,
				Base,
			);
			mainGroup = 62C0F29628E285B3000DAC1A;
			productRefGroup = 62C0F2A028E285B3000DAC1A /* Products */;
			projectDirPath = "";
			projectRoot = "";
			targets = (
				62C0F29E28E285B3000DAC1A /* Demo */,
				62C0F2B328E285B4000DAC1A /* DemoTests */,
				62C0F2BD28E285B4000DAC1A /* DemoUITests */,
			);
		};
/* End PBXProject section */

/* Begin PBXResourcesBuildPhase section */
		62C0F29D28E285B3000DAC1A /* Resources */ = {
			isa = PBXResourcesBuildPhase;
			buildActionMask = 2147483647;
			files = (
				62C0F2AA28E285B4000DAC1A /* Preview Assets.xcassets in Resources */,
				62C0F2A728E285B4000DAC1A /* Assets.xcassets in Resources */,
			);
			runOnlyForDeploymentPostprocessing = 0;
		};
		62C0F2B228E285B4000DAC1A /* Resources */ = {
			isa = PBXResourcesBuildPhase;
			buildActionMask = 2147483647;
			files = (
			);
			runOnlyForDeploymentPostprocessing = 0;
		};
		62C0F2BC28E285B4000DAC1A /* Resources */ = {
			isa = PBXResourcesBuildPhase;
			buildActionMask = 2147483647;
			files = (
			);
			runOnlyForDeploymentPostprocessing = 0;
		};
/* End PBXResourcesBuildPhase section */

/* Begin PBXSourcesBuildPhase section */
		62C0F29B28E285B3000DAC1A /* Sources */ = {
			isa = PBXSourcesBuildPhase;
			buildActionMask = 2147483647;
			files = (
				62C0F2AC28E285B4000DAC1A /* Persistence.swift in Sources */,
				62C0F2A528E285B3000DAC1A /* ContentView.swift in Sources */,
				62C0F2AF28E285B4000DAC1A /* Demo.xcdatamodeld in Sources */,
				62C0F2A328E285B3000DAC1A /* DemoApp.swift in Sources */,
			);
			runOnlyForDeploymentPostprocessing = 0;
		};
		62C0F2B028E285B4000DAC1A /* Sources */ = {
			isa = PBXSourcesBuildPhase;
			buildActionMask = 2147483647;
			files = (
				62C0F2B928E285B4000DAC1A /* DemoTests.swift in Sources */,
			);
			runOnlyForDeploymentPostprocessing = 0;
		};
		62C0F2BA28E285B4000DAC1A /* Sources */ = {
			isa = PBXSourcesBuildPhase;
			buildActionMask = 2147483647;
			files = (
				62C0F2C328E285B4000DAC1A /* DemoUITests.swift in Sources */,
				62C0F2C528E285B4000DAC1A /* DemoUITestsLaunchTests.swift in Sources */,
			);
			runOnlyForDeploymentPostprocessing = 0;
		};
/* End PBXSourcesBuildPhase section */

/* Begin PBXTargetDependency section */
		62C0F2B628E285B4000DAC1A /* PBXTargetDependency */ = {
			isa = PBXTargetDependency;
			target = 62C0F29E28E285B3000DAC1A /* Demo */;
			targetProxy = 62C0F2B528E285B4000DAC1A /* PBXContainerItemProxy */;
		};
		62C0F2C028E285B4000DAC1A /* PBXTargetDependency */ = {
			isa = PBXTargetDependency;
			target = 62C0F29E28E285B3000DAC1A /* Demo */;
			targetProxy = 62C0F2BF28E285B4000DAC1A /* PBXContainerItemProxy */;
		};
/* End PBXTargetDependency section */

/* Begin XCBuildConfiguration section */
		62C0F2C628E285B4000DAC1A /* Debug */ = {
			isa = XCBuildConfiguration;
			buildSettings = {
				ALWAYS_SEARCH_USER_PATHS = NO;
				CLANG_ANALYZER_NONNULL = YES;
				CLANG_ANALYZER_NUMBER_OBJECT_CONVERSION = YES_AGGRESSIVE;
				CLANG_CXX_LANGUAGE_STANDARD = "gnu++20";
				CLANG_ENABLE_MODULES = YES;
				CLANG_ENABLE_OBJC_ARC = YES;
				CLANG_ENABLE_OBJC_WEAK = YES;
				CLANG_WARN_BLOCK_CAPTURE_AUTORELEASING = YES;
				CLANG_WARN_BOOL_CONVERSION = YES;
				CLANG_WARN_COMMA = YES;
				CLANG_WARN_CONSTANT_CONVERSION = YES;
				CLANG_WARN_DEPRECATED_OBJC_IMPLEMENTATIONS = YES;
				CLANG_WARN_DIRECT_OBJC_ISA_USAGE = YES_ERROR;
				CLANG_WARN_DOCUMENTATION_COMMENTS = YES;
				CLANG_WARN_EMPTY_BODY = YES;
				CLANG_WARN_ENUM_CONVERSION = YES;
				CLANG_WARN_INFINITE_RECURSION = YES;
				CLANG_WARN_INT_CONVERSION = YES;
				CLANG_WARN_NON_LITERAL_NULL_CONVERSION = YES;
				CLANG_WARN_OBJC_IMPLICIT_RETAIN_SELF = YES;
				CLANG_WARN_OBJC_LITERAL_CONVERSION = YES;
				CLANG_WARN_OBJC_ROOT_CLASS = YES_ERROR;
				CLANG_WARN_QUOTED_INCLUDE_IN_FRAMEWORK_HEADER = YES;
				CLANG_WARN_RANGE_LOOP_ANALYSIS = YES;
				CLANG_WARN_STRICT_PROTOTYPES = YES;
				CLANG_WARN_SUSPICIOUS_MOVE = YES;
				CLANG_WARN_UNGUARDED_AVAILABILITY = YES_AGGRESSIVE;
				CLANG_WARN_UNREACHABLE_CODE = YES;
				CLANG_WARN__DUPLICATE_METHOD_MATCH = YES;
				COPY_PHASE_STRIP = NO;
				DEBUG_INFORMATION_FORMAT = dwarf;
				ENABLE_STRICT_OBJC_MSGSEND = YES;
				ENABLE_TESTABILITY = YES;
				GCC_C_LANGUAGE_STANDARD = gnu11;
				GCC_DYNAMIC_NO_PIC = NO;
				GCC_NO_COMMON_BLOCKS = YES;
				GCC_OPTIMIZATION_LEVEL = 0;
				GCC_PREPROCESSOR_DEFINITIONS = (
					"DEBUG=1",
					"$(inherited)",
				);
				GCC_WARN_64_TO_32_BIT_CONVERSION = YES;
				GCC_WARN_ABOUT_RETURN_TYPE = YES_ERROR;
				GCC_WARN_UNDECLARED_SELECTOR = YES;
				GCC_WARN_UNINITIALIZED_AUTOS = YES_AGGRESSIVE;
				GCC_WARN_UNUSED_FUNCTION = YES;
				GCC_WARN_UNUSED_VARIABLE = YES;
				IPHONEOS_DEPLOYMENT_TARGET = 16.0;
				MTL_ENABLE_DEBUG_INFO = INCLUDE_SOURCE;
				MTL_FAST_MATH = YES;
				ONLY_ACTIVE_ARCH = YES;
				SDKROOT = iphoneos;
				SWIFT_ACTIVE_COMPILATION_CONDITIONS = DEBUG;
				SWIFT_OPTIMIZATION_LEVEL = "-Onone";
			};
			name = Debug;
		};
		62C0F2C728E285B4000DAC1A /* Release */ = {
			isa = XCBuildConfiguration;
			buildSettings = {
				ALWAYS_SEARCH_USER_PATHS = NO;
				CLANG_ANALYZER_NONNULL = YES;
				CLANG_ANALYZER_NUMBER_OBJECT_CONVERSION = YES_AGGRESSIVE;
				CLANG_CXX_LANGUAGE_STANDARD = "gnu++20";
				CLANG_ENABLE_MODULES = YES;
				CLANG_ENABLE_OBJC_ARC = YES;
				CLANG_ENABLE_OBJC_WEAK = YES;
				CLANG_WARN_BLOCK_CAPTURE_AUTORELEASING = YES;
				CLANG_WARN_BOOL_CONVERSION = YES;
				CLANG_WARN_COMMA = YES;
				CLANG_WARN_CONSTANT_CONVERSION = YES;
				CLANG_WARN_DEPRECATED_OBJC_IMPLEMENTATIONS = YES;
				CLANG_WARN_DIRECT_OBJC_ISA_USAGE = YES_ERROR;
				CLANG_WARN_DOCUMENTATION_COMMENTS = YES;
				CLANG_WARN_EMPTY_BODY = YES;
				CLANG_WARN_ENUM_CONVERSION = YES;
				CLANG_WARN_INFINITE_RECURSION = YES;
				CLANG_WARN_INT_CONVERSION = YES;
				CLANG_WARN_NON_LITERAL_NULL_CONVERSION = YES;
				CLANG_WARN_OBJC_IMPLICIT_RETAIN_SELF = YES;
				CLANG_WARN_OBJC_LITERAL_CONVERSION = YES;
				CLANG_WARN_OBJC_ROOT_CLASS = YES_ERROR;
				CLANG_WARN_QUOTED_INCLUDE_IN_FRAMEWORK_HEADER = YES;
				CLANG_WARN_RANGE_LOOP_ANALYSIS = YES;
				CLANG_WARN_STRICT_PROTOTYPES = YES;
				CLANG_WARN_SUSPICIOUS_MOVE = YES;
				CLANG_WARN_UNGUARDED_AVAILABILITY = YES_AGGRESSIVE;
				CLANG_WARN_UNREACHABLE_CODE = YES;
				CLANG_WARN__DUPLICATE_METHOD_MATCH = YES;
				COPY_PHASE_STRIP = NO;
				DEBUG_INFORMATION_FORMAT = "dwarf-with-dsym";
				ENABLE_NS_ASSERTIONS = NO;
				ENABLE_STRICT_OBJC_MSGSEND = YES;
				GCC_C_LANGUAGE_STANDARD = gnu11;
				GCC_NO_COMMON_BLOCKS = YES;
				GCC_WARN_64_TO_32_BIT_CONVERSION = YES;
				GCC_WARN_ABOUT_RETURN_TYPE = YES_ERROR;
				GCC_WARN_UNDECLARED_SELECTOR = YES;
				GCC_WARN_UNINITIALIZED_AUTOS = YES_AGGRESSIVE;
				GCC_WARN_UNUSED_FUNCTION = YES;
				GCC_WARN_UNUSED_VARIABLE = YES;
				IPHONEOS_DEPLOYMENT_TARGET = 16.0;
				MTL_ENABLE_DEBUG_INFO = NO;
				MTL_FAST_MATH = YES;
				SDKROOT = iphoneos;
				SWIFT_COMPILATION_MODE = wholemodule;
				SWIFT_OPTIMIZATION_LEVEL = "-O";
				VALIDATE_PRODUCT = YES;
			};
			name = Release;
		};
		62C0F2C928E285B4000DAC1A /* Debug */ = {
			isa = XCBuildConfiguration;
			buildSettings = {
				ASSETCATALOG_COMPILER_APPICON_NAME = AppIcon;
				ASSETCATALOG_COMPILER_GLOBAL_ACCENT_COLOR_NAME = AccentColor;
				CODE_SIGN_STYLE = Automatic;
				CURRENT_PROJECT_VERSION = 1;
				DEVELOPMENT_ASSET_PATHS = "\"Demo/Preview Content\"";
				DEVELOPMENT_TEAM = 3NR6DL8CY8;
				ENABLE_PREVIEWS = YES;
				GENERATE_INFOPLIST_FILE = YES;
				INFOPLIST_KEY_UIApplicationSceneManifest_Generation = YES;
				INFOPLIST_KEY_UIApplicationSupportsIndirectInputEvents = YES;
				INFOPLIST_KEY_UILaunchScreen_Generation = YES;
				INFOPLIST_KEY_UISupportedInterfaceOrientations_iPad = "UIInterfaceOrientationPortrait UIInterfaceOrientationPortraitUpsideDown UIInterfaceOrientationLandscapeLeft UIInterfaceOrientationLandscapeRight";
				INFOPLIST_KEY_UISupportedInterfaceOrientations_iPhone = "UIInterfaceOrientationPortrait UIInterfaceOrientationLandscapeLeft UIInterfaceOrientationLandscapeRight";
				LD_RUNPATH_SEARCH_PATHS = (
					"$(inherited)",
					"@executable_path/Frameworks",
				);
				MARKETING_VERSION = 1.0;
				PRODUCT_BUNDLE_IDENTIFIER = steve2282.Demo;
				PRODUCT_NAME = "$(TARGET_NAME)";
				SWIFT_EMIT_LOC_STRINGS = YES;
				SWIFT_VERSION = 5.0;
				TARGETED_DEVICE_FAMILY = "1,2";
			};
			name = Debug;
		};
		62C0F2CA28E285B4000DAC1A /* Release */ = {
			isa = XCBuildConfiguration;
			buildSettings = {
				ASSETCATALOG_COMPILER_APPICON_NAME = AppIcon;
				ASSETCATALOG_COMPILER_GLOBAL_ACCENT_COLOR_NAME = AccentColor;
				CODE_SIGN_STYLE = Automatic;
				CURRENT_PROJECT_VERSION = 1;
				DEVELOPMENT_ASSET_PATHS = "\"Demo/Preview Content\"";
				DEVELOPMENT_TEAM = 3NR6DL8CY8;
				ENABLE_PREVIEWS = YES;
				GENERATE_INFOPLIST_FILE = YES;
				INFOPLIST_KEY_UIApplicationSceneManifest_Generation = YES;
				INFOPLIST_KEY_UIApplicationSupportsIndirectInputEvents = YES;
				INFOPLIST_KEY_UILaunchScreen_Generation = YES;
				INFOPLIST_KEY_UISupportedInterfaceOrientations_iPad = "UIInterfaceOrientationPortrait UIInterfaceOrientationPortraitUpsideDown UIInterfaceOrientationLandscapeLeft UIInterfaceOrientationLandscapeRight";
				INFOPLIST_KEY_UISupportedInterfaceOrientations_iPhone = "UIInterfaceOrientationPortrait UIInterfaceOrientationLandscapeLeft UIInterfaceOrientationLandscapeRight";
				LD_RUNPATH_SEARCH_PATHS = (
					"$(inherited)",
					"@executable_path/Frameworks",
				);
				MARKETING_VERSION = 1.0;
				PRODUCT_BUNDLE_IDENTIFIER = steve2282.Demo;
				PRODUCT_NAME = "$(TARGET_NAME)";
				SWIFT_EMIT_LOC_STRINGS = YES;
				SWIFT_VERSION = 5.0;
				TARGETED_DEVICE_FAMILY = "1,2";
			};
			name = Release;
		};
		62C0F2CC28E285B4000DAC1A /* Debug */ = {
			isa = XCBuildConfiguration;
			buildSettings = {
				ALWAYS_EMBED_SWIFT_STANDARD_LIBRARIES = YES;
				BUNDLE_LOADER = "$(TEST_HOST)";
				CODE_SIGN_STYLE = Automatic;
				CURRENT_PROJECT_VERSION = 1;
				DEVELOPMENT_TEAM = 3NR6DL8CY8;
				GENERATE_INFOPLIST_FILE = YES;
				IPHONEOS_DEPLOYMENT_TARGET = 16.0;
				MARKETING_VERSION = 1.0;
				PRODUCT_BUNDLE_IDENTIFIER = steve2282.DemoTests;
				PRODUCT_NAME = "$(TARGET_NAME)";
				SWIFT_EMIT_LOC_STRINGS = NO;
				SWIFT_VERSION = 5.0;
				TARGETED_DEVICE_FAMILY = "1,2";
				TEST_HOST = "$(BUILT_PRODUCTS_DIR)/Demo.app/$(BUNDLE_EXECUTABLE_FOLDER_PATH)/Demo";
			};
			name = Debug;
		};
		62C0F2CD28E285B4000DAC1A /* Release */ = {
			isa = XCBuildConfiguration;
			buildSettings = {
				ALWAYS_EMBED_SWIFT_STANDARD_LIBRARIES = YES;
				BUNDLE_LOADER = "$(TEST_HOST)";
				CODE_SIGN_STYLE = Automatic;
				CURRENT_PROJECT_VERSION = 1;
				DEVELOPMENT_TEAM = 3NR6DL8CY8;
				GENERATE_INFOPLIST_FILE = YES;
				IPHONEOS_DEPLOYMENT_TARGET = 16.0;
				MARKETING_VERSION = 1.0;
				PRODUCT_BUNDLE_IDENTIFIER = steve2282.DemoTests;
				PRODUCT_NAME = "$(TARGET_NAME)";
				SWIFT_EMIT_LOC_STRINGS = NO;
				SWIFT_VERSION = 5.0;
				TARGETED_DEVICE_FAMILY = "1,2";
				TEST_HOST = "$(BUILT_PRODUCTS_DIR)/Demo.app/$(BUNDLE_EXECUTABLE_FOLDER_PATH)/Demo";
			};
			name = Release;
		};
		62C0F2CF28E285B4000DAC1A /* Debug */ = {
			isa = XCBuildConfiguration;
			buildSettings = {
				ALWAYS_EMBED_SWIFT_STANDARD_LIBRARIES = YES;
				CODE_SIGN_STYLE = Automatic;
				CURRENT_PROJECT_VERSION = 1;
				DEVELOPMENT_TEAM = 3NR6DL8CY8;
				GENERATE_INFOPLIST_FILE = YES;
				MARKETING_VERSION = 1.0;
				PRODUCT_BUNDLE_IDENTIFIER = steve2282.DemoUITests;
				PRODUCT_NAME = "$(TARGET_NAME)";
				SWIFT_EMIT_LOC_STRINGS = NO;
				SWIFT_VERSION = 5.0;
				TARGETED_DEVICE_FAMILY = "1,2";
				TEST_TARGET_NAME = Demo;
			};
			name = Debug;
		};
		62C0F2D028E285B4000DAC1A /* Release */ = {
			isa = XCBuildConfiguration;
			buildSettings = {
				ALWAYS_EMBED_SWIFT_STANDARD_LIBRARIES = YES;
				CODE_SIGN_STYLE = Automatic;
				CURRENT_PROJECT_VERSION = 1;
				DEVELOPMENT_TEAM = 3NR6DL8CY8;
				GENERATE_INFOPLIST_FILE = YES;
				MARKETING_VERSION = 1.0;
				PRODUCT_BUNDLE_IDENTIFIER = steve2282.DemoUITests;
				PRODUCT_NAME = "$(TARGET_NAME)";
				SWIFT_EMIT_LOC_STRINGS = NO;
				SWIFT_VERSION = 5.0;
				TARGETED_DEVICE_FAMILY = "1,2";
				TEST_TARGET_NAME = Demo;
			};
			name = Release;
		};
/* End XCBuildConfiguration section */

/* Begin XCConfigurationList section */
		62C0F29A28E285B3000DAC1A /* Build configuration list for PBXProject "Demo" */ = {
			isa = XCConfigurationList;
			buildConfigurations = (
				62C0F2C628E285B4000DAC1A /* Debug */,
				62C0F2C728E285B4000DAC1A /* Release */,
			);
			defaultConfigurationIsVisible = 0;
			defaultConfigurationName = Release;
		};
		62C0F2C828E285B4000DAC1A /* Build configuration list for PBXNativeTarget "Demo" */ = {
			isa = XCConfigurationList;
			buildConfigurations = (
				62C0F2C928E285B4000DAC1A /* Debug */,
				62C0F2CA28E285B4000DAC1A /* Release */,
			);
			defaultConfigurationIsVisible = 0;
			defaultConfigurationName = Release;
		};
		62C0F2CB28E285B4000DAC1A /* Build configuration list for PBXNativeTarget "DemoTests" */ = {
			isa = XCConfigurationList;
			buildConfigurations = (
				62C0F2CC28E285B4000DAC1A /* Debug */,
				62C0F2CD28E285B4000DAC1A /* Release */,
			);
			defaultConfigurationIsVisible = 0;
			defaultConfigurationName = Release;
		};
		62C0F2CE28E285B4000DAC1A /* Build configuration list for PBXNativeTarget "DemoUITests" */ = {
			isa = XCConfigurationList;
			buildConfigurations = (
				62C0F2CF28E285B4000DAC1A /* Debug */,
				62C0F2D028E285B4000DAC1A /* Release */,
			);
			defaultConfigurationIsVisible = 0;
			defaultConfigurationName = Release;
		};
/* End XCConfigurationList section */

/* Begin XCVersionGroup section */
		62C0F2AD28E285B4000DAC1A /* Demo.xcdatamodeld */ = {
			isa = XCVersionGroup;
			children = (
				62C0F2AE28E285B4000DAC1A /* Demo.xcdatamodel */,
			);
			currentVersion = 62C0F2AE28E285B4000DAC1A /* Demo.xcdatamodel */;
			path = Demo.xcdatamodeld;
			sourceTree = "<group>";
			versionGroupType = wrapper.xcdatamodel;
		};
/* End XCVersionGroup section */
	};
	rootObject = 62C0F29728E285B3000DAC1A /* Project object */;
}
