// !$*UTF8*$!
{
	archiveVersion = 1;
	classes = {
	};
	objectVersion = 56;
	objects = {

/* Begin PBXBuildFile section */
		621946EC28F7C05B0000EDA0 /* mvvm_demoApp.swift in Sources */ = {isa = PBXBuildFile; fileRef = 621946EB28F7C05B0000EDA0 /* mvvm_demoApp.swift */; };
		621946EE28F7C05B0000EDA0 /* ContentView.swift in Sources */ = {isa = PBXBuildFile; fileRef = 621946ED28F7C05B0000EDA0 /* ContentView.swift */; };
		621946F028F7C05C0000EDA0 /* Assets.xcassets in Resources */ = {isa = PBXBuildFile; fileRef = 621946EF28F7C05C0000EDA0 /* Assets.xcassets */; };
		621946F328F7C05C0000EDA0 /* Preview Assets.xcassets in Resources */ = {isa = PBXBuildFile; fileRef = 621946F228F7C05C0000EDA0 /* Preview Assets.xcassets */; };
		621946FD28F7C4420000EDA0 /* Recipe.swift in Sources */ = {isa = PBXBuildFile; fileRef = 621946FC28F7C4420000EDA0 /* Recipe.swift */; };
		621946FF28F7C9860000EDA0 /* RecipeModel.swift in Sources */ = {isa = PBXBuildFile; fileRef = 621946FE28F7C9860000EDA0 /* RecipeModel.swift */; };
		62CF6AE328FCDEEB00F0F041 /* data.json in Resources */ = {isa = PBXBuildFile; fileRef = 62CF6AE228FCDEEB00F0F041 /* data.json */; };
/* End PBXBuildFile section */

/* Begin PBXFileReference section */
		621946E828F7C05B0000EDA0 /* mvvm-demo.app */ = {isa = PBXFileReference; explicitFileType = wrapper.application; includeInIndex = 0; path = "mvvm-demo.app"; sourceTree = BUILT_PRODUCTS_DIR; };
		621946EB28F7C05B0000EDA0 /* mvvm_demoApp.swift */ = {isa = PBXFileReference; lastKnownFileType = sourcecode.swift; path = mvvm_demoApp.swift; sourceTree = "<group>"; };
		621946ED28F7C05B0000EDA0 /* ContentView.swift */ = {isa = PBXFileReference; lastKnownFileType = sourcecode.swift; path = ContentView.swift; sourceTree = "<group>"; };
		621946EF28F7C05C0000EDA0 /* Assets.xcassets */ = {isa = PBXFileReference; lastKnownFileType = folder.assetcatalog; path = Assets.xcassets; sourceTree = "<group>"; };
		621946F228F7C05C0000EDA0 /* Preview Assets.xcassets */ = {isa = PBXFileReference; lastKnownFileType = folder.assetcatalog; path = "Preview Assets.xcassets"; sourceTree = "<group>"; };
		621946FC28F7C4420000EDA0 /* Recipe.swift */ = {isa = PBXFileReference; lastKnownFileType = sourcecode.swift; path = Recipe.swift; sourceTree = "<group>"; };
		621946FE28F7C9860000EDA0 /* RecipeModel.swift */ = {isa = PBXFileReference; lastKnownFileType = sourcecode.swift; path = RecipeModel.swift; sourceTree = "<group>"; };
		62CF6AE228FCDEEB00F0F041 /* data.json */ = {isa = PBXFileReference; lastKnownFileType = text.json; path = data.json; sourceTree = "<group>"; };
/* End PBXFileReference section */

/* Begin PBXFrameworksBuildPhase section */
		621946E528F7C05B0000EDA0 /* Frameworks */ = {
			isa = PBXFrameworksBuildPhase;
			buildActionMask = 2147483647;
			files = (
			);
			runOnlyForDeploymentPostprocessing = 0;
		};
/* End PBXFrameworksBuildPhase section */

/* Begin PBXGroup section */
		621946DF28F7C05B0000EDA0 = {
			isa = PBXGroup;
			children = (
				621946EA28F7C05B0000EDA0 /* mvvm-demo */,
				621946E928F7C05B0000EDA0 /* Products */,
			);
			sourceTree = "<group>";
		};
		621946E928F7C05B0000EDA0 /* Products */ = {
			isa = PBXGroup;
			children = (
				621946E828F7C05B0000EDA0 /* mvvm-demo.app */,
			);
			name = Products;
			sourceTree = "<group>";
		};
		621946EA28F7C05B0000EDA0 /* mvvm-demo */ = {
			isa = PBXGroup;
			children = (
				621946EB28F7C05B0000EDA0 /* mvvm_demoApp.swift */,
				621946FB28F7C0910000EDA0 /* ViewModels */,
				621946FA28F7C0870000EDA0 /* Models */,
				621946F928F7C0740000EDA0 /* Views */,
				62CF6AE128FCDD6100F0F041 /* Data */,
				621946EF28F7C05C0000EDA0 /* Assets.xcassets */,
				621946F128F7C05C0000EDA0 /* Preview Content */,
			);
			path = "mvvm-demo";
			sourceTree = "<group>";
		};
		621946F128F7C05C0000EDA0 /* Preview Content */ = {
			isa = PBXGroup;
			children = (
				621946F228F7C05C0000EDA0 /* Preview Assets.xcassets */,
			);
			path = "Preview Content";
			sourceTree = "<group>";
		};
		621946F928F7C0740000EDA0 /* Views */ = {
			isa = PBXGroup;
			children = (
				621946ED28F7C05B0000EDA0 /* ContentView.swift */,
			);
			path = Views;
			sourceTree = "<group>";
		};
		621946FA28F7C0870000EDA0 /* Models */ = {
			isa = PBXGroup;
			children = (
				621946FC28F7C4420000EDA0 /* Recipe.swift */,
			);
			path = Models;
			sourceTree = "<group>";
		};
		621946FB28F7C0910000EDA0 /* ViewModels */ = {
			isa = PBXGroup;
			children = (
				621946FE28F7C9860000EDA0 /* RecipeModel.swift */,
			);
			path = ViewModels;
			sourceTree = "<group>";
		};
		62CF6AE128FCDD6100F0F041 /* Data */ = {
			isa = PBXGroup;
			children = (
				62CF6AE228FCDEEB00F0F041 /* data.json */,
			);
			path = Data;
			sourceTree = "<group>";
		};
/* End PBXGroup section */

/* Begin PBXNativeTarget section */
		621946E728F7C05B0000EDA0 /* mvvm-demo */ = {
			isa = PBXNativeTarget;
			buildConfigurationList = 621946F628F7C05C0000EDA0 /* Build configuration list for PBXNativeTarget "mvvm-demo" */;
			buildPhases = (
				621946E428F7C05B0000EDA0 /* Sources */,
				621946E528F7C05B0000EDA0 /* Frameworks */,
				621946E628F7C05B0000EDA0 /* Resources */,
			);
			buildRules = (
			);
			dependencies = (
			);
			name = "mvvm-demo";
			productName = "mvvm-demo";
			productReference = 621946E828F7C05B0000EDA0 /* mvvm-demo.app */;
			productType = "com.apple.product-type.application";
		};
/* End PBXNativeTarget section */

/* Begin PBXProject section */
		621946E028F7C05B0000EDA0 /* Project object */ = {
			isa = PBXProject;
			attributes = {
				BuildIndependentTargetsInParallel = 1;
				LastSwiftUpdateCheck = 1400;
				LastUpgradeCheck = 1400;
				TargetAttributes = {
					621946E728F7C05B0000EDA0 = {
						CreatedOnToolsVersion = 14.0;
					};
				};
			};
			buildConfigurationList = 621946E328F7C05B0000EDA0 /* Build configuration list for PBXProject "mvvm-demo" */;
			compatibilityVersion = "Xcode 14.0";
			developmentRegion = en;
			hasScannedForEncodings = 0;
			knownRegions = (
				en,
				Base,
			);
			mainGroup = 621946DF28F7C05B0000EDA0;
			productRefGroup = 621946E928F7C05B0000EDA0 /* Products */;
			projectDirPath = "";
			projectRoot = "";
			targets = (
				621946E728F7C05B0000EDA0 /* mvvm-demo */,
			);
		};
/* End PBXProject section */

/* Begin PBXResourcesBuildPhase section */
		621946E628F7C05B0000EDA0 /* Resources */ = {
			isa = PBXResourcesBuildPhase;
			buildActionMask = 2147483647;
			files = (
				621946F328F7C05C0000EDA0 /* Preview Assets.xcassets in Resources */,
				62CF6AE328FCDEEB00F0F041 /* data.json in Resources */,
				621946F028F7C05C0000EDA0 /* Assets.xcassets in Resources */,
			);
			runOnlyForDeploymentPostprocessing = 0;
		};
/* End PBXResourcesBuildPhase section */

/* Begin PBXSourcesBuildPhase section */
		621946E428F7C05B0000EDA0 /* Sources */ = {
			isa = PBXSourcesBuildPhase;
			buildActionMask = 2147483647;
			files = (
				621946FD28F7C4420000EDA0 /* Recipe.swift in Sources */,
				621946FF28F7C9860000EDA0 /* RecipeModel.swift in Sources */,
				621946EE28F7C05B0000EDA0 /* ContentView.swift in Sources */,
				621946EC28F7C05B0000EDA0 /* mvvm_demoApp.swift in Sources */,
			);
			runOnlyForDeploymentPostprocessing = 0;
		};
/* End PBXSourcesBuildPhase section */

/* Begin XCBuildConfiguration section */
		621946F428F7C05C0000EDA0 /* Debug */ = {
			isa = XCBuildConfiguration;
			buildSettings = {
				ALWAYS_SEARCH_USER_PATHS = NO;
				CLANG_ANALYZER_NONNULL = YES;
				CLANG_ANALYZER_NUMBER_OBJECT_CONVERSION = YES_AGGRESSIVE;
				CLANG_CXX_LANGUAGE_STANDARD = "gnu++20";
				CLANG_ENABLE_MODULES = YES;
				CLANG_ENABLE_OBJC_ARC = YES;
				CLANG_ENABLE_OBJC_WEAK = YES;
				CLANG_WARN_BLOCK_CAPTURE_AUTORELEASING = YES;
				CLANG_WARN_BOOL_CONVERSION = YES;
				CLANG_WARN_COMMA = YES;
				CLANG_WARN_CONSTANT_CONVERSION = YES;
				CLANG_WARN_DEPRECATED_OBJC_IMPLEMENTATIONS = YES;
				CLANG_WARN_DIRECT_OBJC_ISA_USAGE = YES_ERROR;
				CLANG_WARN_DOCUMENTATION_COMMENTS = YES;
				CLANG_WARN_EMPTY_BODY = YES;
				CLANG_WARN_ENUM_CONVERSION = YES;
				CLANG_WARN_INFINITE_RECURSION = YES;
				CLANG_WARN_INT_CONVERSION = YES;
				CLANG_WARN_NON_LITERAL_NULL_CONVERSION = YES;
				CLANG_WARN_OBJC_IMPLICIT_RETAIN_SELF = YES;
				CLANG_WARN_OBJC_LITERAL_CONVERSION = YES;
				CLANG_WARN_OBJC_ROOT_CLASS = YES_ERROR;
				CLANG_WARN_QUOTED_INCLUDE_IN_FRAMEWORK_HEADER = YES;
				CLANG_WARN_RANGE_LOOP_ANALYSIS = YES;
				CLANG_WARN_STRICT_PROTOTYPES = YES;
				CLANG_WARN_SUSPICIOUS_MOVE = YES;
				CLANG_WARN_UNGUARDED_AVAILABILITY = YES_AGGRESSIVE;
				CLANG_WARN_UNREACHABLE_CODE = YES;
				CLANG_WARN__DUPLICATE_METHOD_MATCH = YES;
				COPY_PHASE_STRIP = NO;
				DEBUG_INFORMATION_FORMAT = dwarf;
				ENABLE_STRICT_OBJC_MSGSEND = YES;
				ENABLE_TESTABILITY = YES;
				GCC_C_LANGUAGE_STANDARD = gnu11;
				GCC_DYNAMIC_NO_PIC = NO;
				GCC_NO_COMMON_BLOCKS = YES;
				GCC_OPTIMIZATION_LEVEL = 0;
				GCC_PREPROCESSOR_DEFINITIONS = (
					"DEBUG=1",
					"$(inherited)",
				);
				GCC_WARN_64_TO_32_BIT_CONVERSION = YES;
				GCC_WARN_ABOUT_RETURN_TYPE = YES_ERROR;
				GCC_WARN_UNDECLARED_SELECTOR = YES;
				GCC_WARN_UNINITIALIZED_AUTOS = YES_AGGRESSIVE;
				GCC_WARN_UNUSED_FUNCTION = YES;
				GCC_WARN_UNUSED_VARIABLE = YES;
				IPHONEOS_DEPLOYMENT_TARGET = 16.0;
				MTL_ENABLE_DEBUG_INFO = INCLUDE_SOURCE;
				MTL_FAST_MATH = YES;
				ONLY_ACTIVE_ARCH = YES;
				SDKROOT = iphoneos;
				SWIFT_ACTIVE_COMPILATION_CONDITIONS = DEBUG;
				SWIFT_OPTIMIZATION_LEVEL = "-Onone";
			};
			name = Debug;
		};
		621946F528F7C05C0000EDA0 /* Release */ = {
			isa = XCBuildConfiguration;
			buildSettings = {
				ALWAYS_SEARCH_USER_PATHS = NO;
				CLANG_ANALYZER_NONNULL = YES;
				CLANG_ANALYZER_NUMBER_OBJECT_CONVERSION = YES_AGGRESSIVE;
				CLANG_CXX_LANGUAGE_STANDARD = "gnu++20";
				CLANG_ENABLE_MODULES = YES;
				CLANG_ENABLE_OBJC_ARC = YES;
				CLANG_ENABLE_OBJC_WEAK = YES;
				CLANG_WARN_BLOCK_CAPTURE_AUTORELEASING = YES;
				CLANG_WARN_BOOL_CONVERSION = YES;
				CLANG_WARN_COMMA = YES;
				CLANG_WARN_CONSTANT_CONVERSION = YES;
				CLANG_WARN_DEPRECATED_OBJC_IMPLEMENTATIONS = YES;
				CLANG_WARN_DIRECT_OBJC_ISA_USAGE = YES_ERROR;
				CLANG_WARN_DOCUMENTATION_COMMENTS = YES;
				CLANG_WARN_EMPTY_BODY = YES;
				CLANG_WARN_ENUM_CONVERSION = YES;
				CLANG_WARN_INFINITE_RECURSION = YES;
				CLANG_WARN_INT_CONVERSION = YES;
				CLANG_WARN_NON_LITERAL_NULL_CONVERSION = YES;
				CLANG_WARN_OBJC_IMPLICIT_RETAIN_SELF = YES;
				CLANG_WARN_OBJC_LITERAL_CONVERSION = YES;
				CLANG_WARN_OBJC_ROOT_CLASS = YES_ERROR;
				CLANG_WARN_QUOTED_INCLUDE_IN_FRAMEWORK_HEADER = YES;
				CLANG_WARN_RANGE_LOOP_ANALYSIS = YES;
				CLANG_WARN_STRICT_PROTOTYPES = YES;
				CLANG_WARN_SUSPICIOUS_MOVE = YES;
				CLANG_WARN_UNGUARDED_AVAILABILITY = YES_AGGRESSIVE;
				CLANG_WARN_UNREACHABLE_CODE = YES;
				CLANG_WARN__DUPLICATE_METHOD_MATCH = YES;
				COPY_PHASE_STRIP = NO;
				DEBUG_INFORMATION_FORMAT = "dwarf-with-dsym";
				ENABLE_NS_ASSERTIONS = NO;
				ENABLE_STRICT_OBJC_MSGSEND = YES;
				GCC_C_LANGUAGE_STANDARD = gnu11;
				GCC_NO_COMMON_BLOCKS = YES;
				GCC_WARN_64_TO_32_BIT_CONVERSION = YES;
				GCC_WARN_ABOUT_RETURN_TYPE = YES_ERROR;
				GCC_WARN_UNDECLARED_SELECTOR = YES;
				GCC_WARN_UNINITIALIZED_AUTOS = YES_AGGRESSIVE;
				GCC_WARN_UNUSED_FUNCTION = YES;
				GCC_WARN_UNUSED_VARIABLE = YES;
				IPHONEOS_DEPLOYMENT_TARGET = 16.0;
				MTL_ENABLE_DEBUG_INFO = NO;
				MTL_FAST_MATH = YES;
				SDKROOT = iphoneos;
				SWIFT_COMPILATION_MODE = wholemodule;
				SWIFT_OPTIMIZATION_LEVEL = "-O";
				VALIDATE_PRODUCT = YES;
			};
			name = Release;
		};
		621946F728F7C05C0000EDA0 /* Debug */ = {
			isa = XCBuildConfiguration;
			buildSettings = {
				ASSETCATALOG_COMPILER_APPICON_NAME = AppIcon;
				ASSETCATALOG_COMPILER_GLOBAL_ACCENT_COLOR_NAME = AccentColor;
				CODE_SIGN_STYLE = Automatic;
				CURRENT_PROJECT_VERSION = 1;
				DEVELOPMENT_ASSET_PATHS = "\"mvvm-demo/Preview Content\"";
				DEVELOPMENT_TEAM = 3NR6DL8CY8;
				ENABLE_PREVIEWS = YES;
				GENERATE_INFOPLIST_FILE = YES;
				INFOPLIST_KEY_UIApplicationSceneManifest_Generation = YES;
				INFOPLIST_KEY_UIApplicationSupportsIndirectInputEvents = YES;
				INFOPLIST_KEY_UILaunchScreen_Generation = YES;
				INFOPLIST_KEY_UISupportedInterfaceOrientations_iPad = "UIInterfaceOrientationPortrait UIInterfaceOrientationPortraitUpsideDown UIInterfaceOrientationLandscapeLeft UIInterfaceOrientationLandscapeRight";
				INFOPLIST_KEY_UISupportedInterfaceOrientations_iPhone = "UIInterfaceOrientationPortrait UIInterfaceOrientationLandscapeLeft UIInterfaceOrientationLandscapeRight";
				LD_RUNPATH_SEARCH_PATHS = (
					"$(inherited)",
					"@executable_path/Frameworks",
				);
				MARKETING_VERSION = 1.0;
				PRODUCT_BUNDLE_IDENTIFIER = "steve2282.mvvm-demo";
				PRODUCT_NAME = "$(TARGET_NAME)";
				SWIFT_EMIT_LOC_STRINGS = YES;
				SWIFT_VERSION = 5.0;
				TARGETED_DEVICE_FAMILY = "1,2";
			};
			name = Debug;
		};
		621946F828F7C05C0000EDA0 /* Release */ = {
			isa = XCBuildConfiguration;
			buildSettings = {
				ASSETCATALOG_COMPILER_APPICON_NAME = AppIcon;
				ASSETCATALOG_COMPILER_GLOBAL_ACCENT_COLOR_NAME = AccentColor;
				CODE_SIGN_STYLE = Automatic;
				CURRENT_PROJECT_VERSION = 1;
				DEVELOPMENT_ASSET_PATHS = "\"mvvm-demo/Preview Content\"";
				DEVELOPMENT_TEAM = 3NR6DL8CY8;
				ENABLE_PREVIEWS = YES;
				GENERATE_INFOPLIST_FILE = YES;
				INFOPLIST_KEY_UIApplicationSceneManifest_Generation = YES;
				INFOPLIST_KEY_UIApplicationSupportsIndirectInputEvents = YES;
				INFOPLIST_KEY_UILaunchScreen_Generation = YES;
				INFOPLIST_KEY_UISupportedInterfaceOrientations_iPad = "UIInterfaceOrientationPortrait UIInterfaceOrientationPortraitUpsideDown UIInterfaceOrientationLandscapeLeft UIInterfaceOrientationLandscapeRight";
				INFOPLIST_KEY_UISupportedInterfaceOrientations_iPhone = "UIInterfaceOrientationPortrait UIInterfaceOrientationLandscapeLeft UIInterfaceOrientationLandscapeRight";
				LD_RUNPATH_SEARCH_PATHS = (
					"$(inherited)",
					"@executable_path/Frameworks",
				);
				MARKETING_VERSION = 1.0;
				PRODUCT_BUNDLE_IDENTIFIER = "steve2282.mvvm-demo";
				PRODUCT_NAME = "$(TARGET_NAME)";
				SWIFT_EMIT_LOC_STRINGS = YES;
				SWIFT_VERSION = 5.0;
				TARGETED_DEVICE_FAMILY = "1,2";
			};
			name = Release;
		};
/* End XCBuildConfiguration section */

/* Begin XCConfigurationList section */
		621946E328F7C05B0000EDA0 /* Build configuration list for PBXProject "mvvm-demo" */ = {
			isa = XCConfigurationList;
			buildConfigurations = (
				621946F428F7C05C0000EDA0 /* Debug */,
				621946F528F7C05C0000EDA0 /* Release */,
			);
			defaultConfigurationIsVisible = 0;
			defaultConfigurationName = Release;
		};
		621946F628F7C05C0000EDA0 /* Build configuration list for PBXNativeTarget "mvvm-demo" */ = {
			isa = XCConfigurationList;
			buildConfigurations = (
				621946F728F7C05C0000EDA0 /* Debug */,
				621946F828F7C05C0000EDA0 /* Release */,
			);
			defaultConfigurationIsVisible = 0;
			defaultConfigurationName = Release;
		};
/* End XCConfigurationList section */
	};
	rootObject = 621946E028F7C05B0000EDA0 /* Project object */;
}
